PODS:
  - connectivity_plus (0.0.1):
    - Flutter
  - CryptoSwift (1.10.0)
  - DifferenceKit (1.3.0):
    - DifferenceKit/Core (= 1.3.0)
    - DifferenceKit/UIKitExtension (= 1.3.0)
  - DifferenceKit/Core (1.3.0)
  - DifferenceKit/UIKitExtension (1.3.0):
    - DifferenceKit/Core
  - DKImagePickerController/Core (4.3.9):
    - DKImagePickerController/ImageDataManager
    - DKImagePickerController/Resource
  - DKImagePickerController/ImageDataManager (4.3.9)
  - DKImagePickerController/PhotoGallery (4.3.9):
    - DKImagePickerController/Core
    - DKPhotoGallery
  - DKImagePickerController/Resource (4.3.9)
  - DKPhotoGallery (0.0.19):
    - DKPhotoGallery/Core (= 0.0.19)
    - DKPhotoGallery/Model (= 0.0.19)
    - DKPhotoGallery/Preview (= 0.0.19)
    - DKPhotoGallery/Resource (= 0.0.19)
    - SDWebImage
    - SwiftyGif
  - DKPhotoGallery/Core (0.0.19):
    - DKPhotoGallery/Model
    - DKPhotoGallery/Preview
    - SDWebImage
    - SwiftyGif
  - DKPhotoGallery/Model (0.0.19):
    - SDWebImage
    - SwiftyGif
  - DKPhotoGallery/Preview (0.0.19):
    - DKPhotoGallery/Model
    - DKPhotoGallery/Resource
    - SDWebImage
    - SwiftyGif
  - DKPhotoGallery/Resource (0.0.19):
    - SDWebImage
    - SwiftyGif
  - file_picker (0.0.1):
    - DKImagePickerController/PhotoGallery
    - Flutter
  - Flutter (1.0.0)
  - Google-Mobile-Ads-SDK (11.13.0):
    - GoogleUserMessagingPlatform (>= 1.1)
  - google_mobile_ads (5.3.1):
    - Flutter
    - Google-Mobile-Ads-SDK (~> 11.13.0)
    - webview_flutter_wkwebview
  - GoogleUserMessagingPlatform (3.1.0)
  - koofy_reader_bridge (0.1.0):
    - Flutter
    - ReadiumNavigator (= 3.11.0)
    - ReadiumShared (= 3.11.0)
    - ReadiumStreamer (= 3.11.0)
  - Minizip (1.0.0)
  - path_provider_foundation (0.0.1):
    - Flutter
    - FlutterMacOS
  - ReadiumFuzi (4.0.1)
  - ReadiumInternal (3.11.0)
  - ReadiumNavigator (3.11.0):
    - DifferenceKit (~> 1.0)
    - ReadiumInternal (~> 3.11.0)
    - ReadiumShared (~> 3.11.0)
    - SwiftSoup (~> 2.11.0)
  - ReadiumShared (3.11.0):
    - Minizip (~> 1.0.0)
    - ReadiumFuzi (~> 4.0.0)
    - ReadiumInternal (~> 3.11.0)
    - ReadiumZIPFoundation (~> 3.0.1)
    - SwiftSoup (~> 2.11.0)
  - ReadiumStreamer (3.11.0):
    - CryptoSwift (~> 1.10.0)
    - ReadiumFuzi (~> 4.0.0)
    - ReadiumInternal (~> 3.11.0)
    - ReadiumShared (~> 3.11.0)
  - ReadiumZIPFoundation (3.0.1)
  - SDWebImage (5.21.7):
    - SDWebImage/Core (= 5.21.7)
  - SDWebImage/Core (5.21.7)
  - shared_preferences_foundation (0.0.1):
    - Flutter
    - FlutterMacOS
  - sqlite3 (3.52.0):
    - sqlite3/common (= 3.52.0)
  - sqlite3/common (3.52.0)
  - sqlite3/dbstatvtab (3.52.0):
    - sqlite3/common
  - sqlite3/fts5 (3.52.0):
    - sqlite3/common
  - sqlite3/math (3.52.0):
    - sqlite3/common
  - sqlite3/perf-threadsafe (3.52.0):
    - sqlite3/common
  - sqlite3/rtree (3.52.0):
    - sqlite3/common
  - sqlite3/session (3.52.0):
    - sqlite3/common
  - sqlite3_flutter_libs (0.0.1):
    - Flutter
    - FlutterMacOS
    - sqlite3 (~> 3.52.0)
    - sqlite3/dbstatvtab
    - sqlite3/fts5
    - sqlite3/math
    - sqlite3/perf-threadsafe
    - sqlite3/rtree
    - sqlite3/session
  - SwiftSoup (2.11.3)
  - SwiftyGif (5.4.5)
  - webview_flutter_wkwebview (0.0.1):
    - Flutter
    - FlutterMacOS

DEPENDENCIES:
  - connectivity_plus (from `.symlinks/plugins/connectivity_plus/ios`)
  - file_picker (from `.symlinks/plugins/file_picker/ios`)
  - Flutter (from `Flutter`)
  - google_mobile_ads (from `.symlinks/plugins/google_mobile_ads/ios`)
  - koofy_reader_bridge (from `.symlinks/plugins/koofy_reader_bridge/ios`)
  - path_provider_foundation (from `.symlinks/plugins/path_provider_foundation/darwin`)
  - shared_preferences_foundation (from `.symlinks/plugins/shared_preferences_foundation/darwin`)
  - sqlite3_flutter_libs (from `.symlinks/plugins/sqlite3_flutter_libs/darwin`)
  - webview_flutter_wkwebview (from `.symlinks/plugins/webview_flutter_wkwebview/darwin`)

SPEC REPOS:
  https://github.com/readium/podspecs.git:
    - ReadiumFuzi
    - ReadiumInternal
    - ReadiumNavigator
    - ReadiumShared
    - ReadiumStreamer
    - ReadiumZIPFoundation
  trunk:
    - CryptoSwift
    - DifferenceKit
    - DKImagePickerController
    - DKPhotoGallery
    - Google-Mobile-Ads-SDK
    - GoogleUserMessagingPlatform
    - Minizip
    - SDWebImage
    - sqlite3
    - SwiftSoup
    - SwiftyGif

EXTERNAL SOURCES:
  connectivity_plus:
    :path: ".symlinks/plugins/connectivity_plus/ios"
  file_picker:
    :path: ".symlinks/plugins/file_picker/ios"
  Flutter:
    :path: Flutter
  google_mobile_ads:
    :path: ".symlinks/plugins/google_mobile_ads/ios"
  koofy_reader_bridge:
    :path: ".symlinks/plugins/koofy_reader_bridge/ios"
  path_provider_foundation:
    :path: ".symlinks/plugins/path_provider_foundation/darwin"
  shared_preferences_foundation:
    :path: ".symlinks/plugins/shared_preferences_foundation/darwin"
  sqlite3_flutter_libs:
    :path: ".symlinks/plugins/sqlite3_flutter_libs/darwin"
  webview_flutter_wkwebview:
    :path: ".symlinks/plugins/webview_flutter_wkwebview/darwin"

SPEC CHECKSUMS:
  connectivity_plus: cb623214f4e1f6ef8fe7403d580fdad517d2f7dd
  CryptoSwift: e2e7776512f250e66205955da748e7a4e4abffe0
  DifferenceKit: ab185c4d7f9cef8af3fcf593e5b387fb81e999ca
  DKImagePickerController: 946cec48c7873164274ecc4624d19e3da4c1ef3c
  DKPhotoGallery: b3834fecb755ee09a593d7c9e389d8b5d6deed60
  file_picker: a0560bc09d61de87f12d246fc47d2119e6ef37be
  Flutter: cabc95a1d2626b1b06e7179b784ebcf0c0cde467
  Google-Mobile-Ads-SDK: 14f57f2dc33532a24db288897e26494640810407
  google_mobile_ads: 16ad301354fa6a7ea55770c6254bd4339bf8558b
  GoogleUserMessagingPlatform: befe603da6501006420c206222acd449bba45a9c
  koofy_reader_bridge: d7569df5965d7281d8af98f839104c3cb82862de
  Minizip: 188cb3e39a1195c283ae03bf673d182596fefd0b
  path_provider_foundation: bb55f6dbba17d0dccd6737fe6f7f34fbd0376880
  ReadiumFuzi: c1362cfcb9bb166a25e0f50a2137ba2cfec44ce6
  ReadiumInternal: 98d4abbdc4061946b4aa7b1edd4b8a0596b8dab4
  ReadiumNavigator: 35ff2a44cd012f04bab7221bdf3b684003e0b549
  ReadiumShared: 3c7ab177aeb917cd4bc3543db908a1ca0db7ea4b
  ReadiumStreamer: 2bd80a6825ab623dc06a578eb629c54714fa3d67
  ReadiumZIPFoundation: 4009f635ebc718cc113a388ecb33c773f00639ca
  SDWebImage: e9fc87c1aab89a8ab1bbd74eba378c6f53be8abf
  shared_preferences_foundation: 7036424c3d8ec98dfe75ff1667cb0cd531ec82bb
  sqlite3: a51c07cf16e023d6c48abd5e5791a61a47354921
  sqlite3_flutter_libs: b3e120efe9a82017e5552a620f696589ed4f62ab
  SwiftSoup: 959c9ac70d7053fbf476341bfac90ab228523f2a
  SwiftyGif: 706c60cf65fa2bc5ee0313beece843c8eb8194d4
  webview_flutter_wkwebview: 8ebf4fded22593026f7dbff1fbff31ea98573c8d

PODFILE CHECKSUM: 1e0bc6e427ef9a1a8f9e1dad399ec2de3f185faf

COCOAPODS: 1.16.2
