PODS:
  - connectivity_plus (0.0.1):
    - Flutter
  - CryptoSwift (1.10.0)
  - DifferenceKit (1.3.0):
    - DifferenceKit/Core (= 1.3.0)
    - DifferenceKit/UIKitExtension (= 1.3.0)
  - DifferenceKit/Core (1.3.0)
  - DifferenceKit/UIKitExtension (1.3.0):
    - DifferenceKit/Core
  - DKImagePickerController/Core (4.3.9):
    - DKImagePickerController/ImageDataManager
    - DKImagePickerController/Resource
  - DKImagePickerController/ImageDataManager (4.3.9)
  - DKImagePickerController/PhotoGallery (4.3.9):
    - DKImagePickerController/Core
    - DKPhotoGallery
  - DKImagePickerController/Resource (4.3.9)
  - DKPhotoGallery (0.0.19):
    - DKPhotoGallery/Core (= 0.0.19)
    - DKPhotoGallery/Model (= 0.0.19)
    - DKPhotoGallery/Preview (= 0.0.19)
    - DKPhotoGallery/Resource (= 0.0.19)
    - SDWebImage
    - SwiftyGif
  - DKPhotoGallery/Core (0.0.19):
    - DKPhotoGallery/Model
    - DKPhotoGallery/Preview
    - SDWebImage
    - SwiftyGif
  - DKPhotoGallery/Model (0.0.19):
    - SDWebImage
    - SwiftyGif
  - DKPhotoGallery/Preview (0.0.19):
    - DKPhotoGallery/Model
    - DKPhotoGallery/Resource
    - SDWebImage
    - SwiftyGif
  - DKPhotoGallery/Resource (0.0.19):
    - SDWebImage
    - SwiftyGif
  - file_picker (0.0.1):
    - DKImagePickerController/PhotoGallery
    - Flutter
  - Firebase/CoreOnly (12.19.0):
    - FirebaseCore (~> 12.19.0)
  - firebase_core (4.15.0):
    - Firebase/CoreOnly (= 12.19.0)
    - Flutter
  - FirebaseCore (12.19.0):
    - FirebaseCoreInternal (~> 12.19.0)
    - GoogleUtilities/Environment (~> 8.1)
    - GoogleUtilities/Logger (~> 8.1)
  - FirebaseCoreInternal (12.19.0):
    - "GoogleUtilities/NSData+zlib (~> 8.1)"
  - Flutter (1.0.0)
  - GoogleUtilities/Environment (8.1.3):
    - GoogleUtilities/Privacy
  - GoogleUtilities/Logger (8.1.3):
    - GoogleUtilities/Environment
    - GoogleUtilities/Privacy
  - "GoogleUtilities/NSData+zlib (8.1.3)":
    - GoogleUtilities/Privacy
  - GoogleUtilities/Privacy (8.1.3)
  - IronSourceAdQualitySDK (9.4.0)
  - IronSourceSDK (9.4.0.0):
    - IronSourceSDK/AdQuality (= 9.4.0.0)
    - IronSourceSDK/Ads (= 9.4.0.0)
  - IronSourceSDK/AdQuality (9.4.0.0):
    - IronSourceAdQualitySDK (~> 9.4.0)
  - IronSourceSDK/Ads (9.4.0.0)
  - IronSourceUnityAdsAdapter (5.5.0.0):
    - IronSourceSDK/Ads (~> 9.0)
    - UnityAds (= 4.16.6)
  - koofy_reader_bridge (0.1.0):
    - Flutter
    - IronSourceSDK (= 9.4.0.0)
    - IronSourceUnityAdsAdapter (= 5.5.0)
    - ReadiumNavigator (= 3.11.0)
    - ReadiumShared (= 3.11.0)
    - ReadiumStreamer (= 3.11.0)
  - Minizip (1.0.0)
  - path_provider_foundation (0.0.1):
    - Flutter
    - FlutterMacOS
  - ReadiumFuzi (4.0.1)
  - ReadiumInternal (3.11.0)
  - ReadiumNavigator (3.11.0):
    - DifferenceKit (~> 1.0)
    - ReadiumInternal (~> 3.11.0)
    - ReadiumShared (~> 3.11.0)
    - SwiftSoup (~> 2.11.0)
  - ReadiumShared (3.11.0):
    - Minizip (~> 1.0.0)
    - ReadiumFuzi (~> 4.0.0)
    - ReadiumInternal (~> 3.11.0)
    - ReadiumZIPFoundation (~> 3.0.1)
    - SwiftSoup (~> 2.11.0)
  - ReadiumStreamer (3.11.0):
    - CryptoSwift (~> 1.10.0)
    - ReadiumFuzi (~> 4.0.0)
    - ReadiumInternal (~> 3.11.0)
    - ReadiumShared (~> 3.11.0)
  - ReadiumZIPFoundation (3.0.1)
  - SDWebImage (5.21.7):
    - SDWebImage/Core (= 5.21.7)
  - SDWebImage/Core (5.21.7)
  - shared_preferences_foundation (0.0.1):
    - Flutter
    - FlutterMacOS
  - sqlite3 (3.52.0):
    - sqlite3/common (= 3.52.0)
  - sqlite3/common (3.52.0)
  - sqlite3/dbstatvtab (3.52.0):
    - sqlite3/common
  - sqlite3/fts5 (3.52.0):
    - sqlite3/common
  - sqlite3/math (3.52.0):
    - sqlite3/common
  - sqlite3/perf-threadsafe (3.52.0):
    - sqlite3/common
  - sqlite3/rtree (3.52.0):
    - sqlite3/common
  - sqlite3/session (3.52.0):
    - sqlite3/common
  - sqlite3_flutter_libs (0.0.1):
    - Flutter
    - FlutterMacOS
    - sqlite3 (~> 3.52.0)
    - sqlite3/dbstatvtab
    - sqlite3/fts5
    - sqlite3/math
    - sqlite3/perf-threadsafe
    - sqlite3/rtree
    - sqlite3/session
  - SwiftSoup (2.11.3)
  - SwiftyGif (5.4.5)
  - unity_levelplay_mediation (9.1.0):
    - Flutter
    - IronSourceSDK (= 9.4.0.0)
  - UnityAds (4.16.6)
  - url_launcher_ios (0.0.1):
    - Flutter

DEPENDENCIES:
  - connectivity_plus (from `.symlinks/plugins/connectivity_plus/ios`)
  - file_picker (from `.symlinks/plugins/file_picker/ios`)
  - firebase_core (from `.symlinks/plugins/firebase_core/ios`)
  - Flutter (from `Flutter`)
  - koofy_reader_bridge (from `.symlinks/plugins/koofy_reader_bridge/ios`)
  - path_provider_foundation (from `.symlinks/plugins/path_provider_foundation/darwin`)
  - shared_preferences_foundation (from `.symlinks/plugins/shared_preferences_foundation/darwin`)
  - sqlite3_flutter_libs (from `.symlinks/plugins/sqlite3_flutter_libs/darwin`)
  - unity_levelplay_mediation (from `.symlinks/plugins/unity_levelplay_mediation/ios`)
  - url_launcher_ios (from `.symlinks/plugins/url_launcher_ios/ios`)

SPEC REPOS:
  https://github.com/readium/podspecs.git:
    - ReadiumFuzi
    - ReadiumInternal
    - ReadiumNavigator
    - ReadiumShared
    - ReadiumStreamer
    - ReadiumZIPFoundation
  trunk:
    - CryptoSwift
    - DifferenceKit
    - DKImagePickerController
    - DKPhotoGallery
    - Firebase
    - FirebaseCore
    - FirebaseCoreInternal
    - GoogleUtilities
    - IronSourceAdQualitySDK
    - IronSourceSDK
    - IronSourceUnityAdsAdapter
    - Minizip
    - SDWebImage
    - sqlite3
    - SwiftSoup
    - SwiftyGif
    - UnityAds

EXTERNAL SOURCES:
  connectivity_plus:
    :path: ".symlinks/plugins/connectivity_plus/ios"
  file_picker:
    :path: ".symlinks/plugins/file_picker/ios"
  firebase_core:
    :path: ".symlinks/plugins/firebase_core/ios"
  Flutter:
    :path: Flutter
  koofy_reader_bridge:
    :path: ".symlinks/plugins/koofy_reader_bridge/ios"
  path_provider_foundation:
    :path: ".symlinks/plugins/path_provider_foundation/darwin"
  shared_preferences_foundation:
    :path: ".symlinks/plugins/shared_preferences_foundation/darwin"
  sqlite3_flutter_libs:
    :path: ".symlinks/plugins/sqlite3_flutter_libs/darwin"
  unity_levelplay_mediation:
    :path: ".symlinks/plugins/unity_levelplay_mediation/ios"
  url_launcher_ios:
    :path: ".symlinks/plugins/url_launcher_ios/ios"

SPEC CHECKSUMS:
  connectivity_plus: cb623214f4e1f6ef8fe7403d580fdad517d2f7dd
  CryptoSwift: e2e7776512f250e66205955da748e7a4e4abffe0
  DifferenceKit: ab185c4d7f9cef8af3fcf593e5b387fb81e999ca
  DKImagePickerController: 946cec48c7873164274ecc4624d19e3da4c1ef3c
  DKPhotoGallery: b3834fecb755ee09a593d7c9e389d8b5d6deed60
  file_picker: a0560bc09d61de87f12d246fc47d2119e6ef37be
  Firebase: 7ca191e43724142f79fae653547b3382c45413cc
  firebase_core: 55de508663ceda7d1dc369a32b327a5655019ae2
  FirebaseCore: c990214798d7c568ad436a15ba7da25c7a278c9a
  FirebaseCoreInternal: 656b1c2fd5a1c5976183dc54b73deda78fb26ee3
  Flutter: cabc95a1d2626b1b06e7179b784ebcf0c0cde467
  GoogleUtilities: 4e0c2ad9fa0d0d18b5c4df8bf57b461cba35b0bb
  IronSourceAdQualitySDK: 7414cf810bdfbc67c3d58536469a923a3a452ac5
  IronSourceSDK: 8112211f22915d2633a2a152d327b184fe80bf05
  IronSourceUnityAdsAdapter: e86b8a98be25e3bbdacffb16f7d6caa0a980200b
  koofy_reader_bridge: 6498e85575e819692a5ac712c22175f65697f936
  Minizip: 188cb3e39a1195c283ae03bf673d182596fefd0b
  path_provider_foundation: bb55f6dbba17d0dccd6737fe6f7f34fbd0376880
  ReadiumFuzi: c1362cfcb9bb166a25e0f50a2137ba2cfec44ce6
  ReadiumInternal: 98d4abbdc4061946b4aa7b1edd4b8a0596b8dab4
  ReadiumNavigator: 35ff2a44cd012f04bab7221bdf3b684003e0b549
  ReadiumShared: 3c7ab177aeb917cd4bc3543db908a1ca0db7ea4b
  ReadiumStreamer: 2bd80a6825ab623dc06a578eb629c54714fa3d67
  ReadiumZIPFoundation: 4009f635ebc718cc113a388ecb33c773f00639ca
  SDWebImage: e9fc87c1aab89a8ab1bbd74eba378c6f53be8abf
  shared_preferences_foundation: 7036424c3d8ec98dfe75ff1667cb0cd531ec82bb
  sqlite3: a51c07cf16e023d6c48abd5e5791a61a47354921
  sqlite3_flutter_libs: b3e120efe9a82017e5552a620f696589ed4f62ab
  SwiftSoup: 959c9ac70d7053fbf476341bfac90ab228523f2a
  SwiftyGif: 706c60cf65fa2bc5ee0313beece843c8eb8194d4
  unity_levelplay_mediation: 62c3b5eec228dc49fec98fb2b5c43d4743c80cd3
  UnityAds: 37544c41dd6916fa9074bf68cf07fce793460b84
  url_launcher_ios: 7a95fa5b60cc718a708b8f2966718e93db0cef1b

PODFILE CHECKSUM: dcf93421c0eaa3eeb13e4311f88fe40ba27a66e8

COCOAPODS: 1.16.2
